// !$*UTF8*$!
{
	archiveVersion = 1;
	classes = {
	};
	objectVersion = 51;
	objects = {

/* Begin PBXBuildFile section */
		5F13A36B23ADCFD20062E4A7 /* Ticker.swift in Sources */ = {isa = PBXBuildFile; fileRef = 5F13A36A23ADCFD20062E4A7 /* Ticker.swift */; };
		5F13A36D23ADCFDC0062E4A7 /* Trade.swift in Sources */ = {isa = PBXBuildFile; fileRef = 5F13A36C23ADCFDC0062E4A7 /* Trade.swift */; };
		5F13A36F23ADCFE20062E4A7 /* Book.swift in Sources */ = {isa = PBXBuildFile; fileRef = 5F13A36E23ADCFE20062E4A7 /* Book.swift */; };
		5F234AB923AA89A6000DEFF2 /* CCMConstant.swift in Sources */ = {isa = PBXBuildFile; fileRef = 5F234AB823AA89A6000DEFF2 /* CCMConstant.swift */; };
		5F4337A323AD0DF900C38255 /* TradeViewController.swift in Sources */ = {isa = PBXBuildFile; fileRef = 5F4337A223AD0DF900C38255 /* TradeViewController.swift */; };
		5F4337A523AD0E0200C38255 /* TickerViewController.swift in Sources */ = {isa = PBXBuildFile; fileRef = 5F4337A423AD0E0200C38255 /* TickerViewController.swift */; };
		5F4337A823ADBB1C00C38255 /* ReusableView.swift in Sources */ = {isa = PBXBuildFile; fileRef = 5F4337A723ADBB1C00C38255 /* ReusableView.swift */; };
		5F4337AA23ADBD3700C38255 /* ReusableHeader.xib in Resources */ = {isa = PBXBuildFile; fileRef = 5F4337A923ADBD3700C38255 /* ReusableHeader.xib */; };
		5F4337AC23ADBD9F00C38255 /* ReusableHeader.swift in Sources */ = {isa = PBXBuildFile; fileRef = 5F4337AB23ADBD9F00C38255 /* ReusableHeader.swift */; };
		5FA8CC7823AD09D700C65F71 /* BookViewController.swift in Sources */ = {isa = PBXBuildFile; fileRef = 5FA8CC7723AD09D700C65F71 /* BookViewController.swift */; };
		5FA8CC7E23AD0A2600C65F71 /* BookViewModel.swift in Sources */ = {isa = PBXBuildFile; fileRef = 5FA8CC7D23AD0A2600C65F71 /* BookViewModel.swift */; };
		5FA8CC8023AD0A3700C65F71 /* TradeViewModel.swift in Sources */ = {isa = PBXBuildFile; fileRef = 5FA8CC7F23AD0A3700C65F71 /* TradeViewModel.swift */; };
		5FA8CC8223AD0A4100C65F71 /* TickerViewModel.swift in Sources */ = {isa = PBXBuildFile; fileRef = 5FA8CC8123AD0A4100C65F71 /* TickerViewModel.swift */; };
		5FA8CC8523AD0AA500C65F71 /* UIStoryboard.swift in Sources */ = {isa = PBXBuildFile; fileRef = 5FA8CC8423AD0AA500C65F71 /* UIStoryboard.swift */; };
		5FB6219923A77419009EEC05 /* AppDelegate.swift in Sources */ = {isa = PBXBuildFile; fileRef = 5FB6219823A77419009EEC05 /* AppDelegate.swift */; };
		5FB6219B23A77419009EEC05 /* SceneDelegate.swift in Sources */ = {isa = PBXBuildFile; fileRef = 5FB6219A23A77419009EEC05 /* SceneDelegate.swift */; };
		5FB6219D23A77419009EEC05 /* ContentView.swift in Sources */ = {isa = PBXBuildFile; fileRef = 5FB6219C23A77419009EEC05 /* ContentView.swift */; };
		5FB6219F23A7741B009EEC05 /* Assets.xcassets in Resources */ = {isa = PBXBuildFile; fileRef = 5FB6219E23A7741B009EEC05 /* Assets.xcassets */; };
		5FB621A223A7741B009EEC05 /* Preview Assets.xcassets in Resources */ = {isa = PBXBuildFile; fileRef = 5FB621A123A7741B009EEC05 /* Preview Assets.xcassets */; };
		5FB621A523A7741B009EEC05 /* LaunchScreen.storyboard in Resources */ = {isa = PBXBuildFile; fileRef = 5FB621A323A7741B009EEC05 /* LaunchScreen.storyboard */; };
		5FB621B023A7741B009EEC05 /* CryptoCurrencyMarketTests.swift in Sources */ = {isa = PBXBuildFile; fileRef = 5FB621AF23A7741B009EEC05 /* CryptoCurrencyMarketTests.swift */; };
		5FB621BB23A7741B009EEC05 /* CryptoCurrencyMarketUITests.swift in Sources */ = {isa = PBXBuildFile; fileRef = 5FB621BA23A7741B009EEC05 /* CryptoCurrencyMarketUITests.swift */; };
		5FB621CB23A7E557009EEC05 /* Main.storyboard in Resources */ = {isa = PBXBuildFile; fileRef = 5FB621CA23A7E556009EEC05 /* Main.storyboard */; };
		5FB621D023A7E656009EEC05 /* GeneralTabViewController.swift in Sources */ = {isa = PBXBuildFile; fileRef = 5FB621CF23A7E656009EEC05 /* GeneralTabViewController.swift */; };
		5FB621D923A8760E009EEC05 /* CCStoryboard.swift in Sources */ = {isa = PBXBuildFile; fileRef = 5FB621D823A8760E009EEC05 /* CCStoryboard.swift */; };
		5FB621DB23A87D17009EEC05 /* CCWebSocketClient.swift in Sources */ = {isa = PBXBuildFile; fileRef = 5FB621DA23A87D17009EEC05 /* CCWebSocketClient.swift */; };
		5FB621E223A88131009EEC05 /* CCMAPIRequest.swift in Sources */ = {isa = PBXBuildFile; fileRef = 5FB621E123A88131009EEC05 /* CCMAPIRequest.swift */; };
		5FB621E623A88239009EEC05 /* CCMQueryResponse.swift in Sources */ = {isa = PBXBuildFile; fileRef = 5FB621E523A88239009EEC05 /* CCMQueryResponse.swift */; };
		5FB621E823A88256009EEC05 /* CCMQueryRequest.swift in Sources */ = {isa = PBXBuildFile; fileRef = 5FB621E723A88256009EEC05 /* CCMQueryRequest.swift */; };
		5FCA584023AE04CC00C39AAD /* Extensions.swift in Sources */ = {isa = PBXBuildFile; fileRef = 5FCA583F23AE04CC00C39AAD /* Extensions.swift */; };
		5FCA584223AE07C000C39AAD /* CCMColor.swift in Sources */ = {isa = PBXBuildFile; fileRef = 5FCA584123AE07C000C39AAD /* CCMColor.swift */; };
		5FCA584423AE671500C39AAD /* BookCell.swift in Sources */ = {isa = PBXBuildFile; fileRef = 5FCA584323AE671500C39AAD /* BookCell.swift */; };
		B54700C7EF5D6F7D925E3A81 /* Pods_CryptoCurrencyMarket.framework in Frameworks */ = {isa = PBXBuildFile; fileRef = BEFA0E62DE1862E0C398C955 /* Pods_CryptoCurrencyMarket.framework */; };
/* End PBXBuildFile section */

/* Begin PBXContainerItemProxy section */
		5FB621AC23A7741B009EEC05 /* PBXContainerItemProxy */ = {
			isa = PBXContainerItemProxy;
			containerPortal = 5FB6218D23A77419009EEC05 /* Project object */;
			proxyType = 1;
			remoteGlobalIDString = 5FB6219423A77419009EEC05;
			remoteInfo = CryptoCurrencyMarket;
		};
		5FB621B723A7741B009EEC05 /* PBXContainerItemProxy */ = {
			isa = PBXContainerItemProxy;
			containerPortal = 5FB6218D23A77419009EEC05 /* Project object */;
			proxyType = 1;
			remoteGlobalIDString = 5FB6219423A77419009EEC05;
			remoteInfo = CryptoCurrencyMarket;
		};
/* End PBXContainerItemProxy section */

/* Begin PBXFileReference section */
		5F13A36A23ADCFD20062E4A7 /* Ticker.swift */ = {isa = PBXFileReference; lastKnownFileType = sourcecode.swift; path = Ticker.swift; sourceTree = "<group>"; };
		5F13A36C23ADCFDC0062E4A7 /* Trade.swift */ = {isa = PBXFileReference; lastKnownFileType = sourcecode.swift; path = Trade.swift; sourceTree = "<group>"; };
		5F13A36E23ADCFE20062E4A7 /* Book.swift */ = {isa = PBXFileReference; lastKnownFileType = sourcecode.swift; path = Book.swift; sourceTree = "<group>"; };
		5F234AB823AA89A6000DEFF2 /* CCMConstant.swift */ = {isa = PBXFileReference; lastKnownFileType = sourcecode.swift; path = CCMConstant.swift; sourceTree = "<group>"; };
		5F4337A223AD0DF900C38255 /* TradeViewController.swift */ = {isa = PBXFileReference; lastKnownFileType = sourcecode.swift; path = TradeViewController.swift; sourceTree = "<group>"; };
		5F4337A423AD0E0200C38255 /* TickerViewController.swift */ = {isa = PBXFileReference; lastKnownFileType = sourcecode.swift; path = TickerViewController.swift; sourceTree = "<group>"; };
		5F4337A723ADBB1C00C38255 /* ReusableView.swift */ = {isa = PBXFileReference; lastKnownFileType = sourcecode.swift; path = ReusableView.swift; sourceTree = "<group>"; };
		5F4337A923ADBD3700C38255 /* ReusableHeader.xib */ = {isa = PBXFileReference; lastKnownFileType = file.xib; path = ReusableHeader.xib; sourceTree = "<group>"; };
		5F4337AB23ADBD9F00C38255 /* ReusableHeader.swift */ = {isa = PBXFileReference; lastKnownFileType = sourcecode.swift; path = ReusableHeader.swift; sourceTree = "<group>"; };
		5FA8CC7723AD09D700C65F71 /* BookViewController.swift */ = {isa = PBXFileReference; lastKnownFileType = sourcecode.swift; path = BookViewController.swift; sourceTree = "<group>"; };
		5FA8CC7D23AD0A2600C65F71 /* BookViewModel.swift */ = {isa = PBXFileReference; lastKnownFileType = sourcecode.swift; path = BookViewModel.swift; sourceTree = "<group>"; };
		5FA8CC7F23AD0A3700C65F71 /* TradeViewModel.swift */ = {isa = PBXFileReference; lastKnownFileType = sourcecode.swift; path = TradeViewModel.swift; sourceTree = "<group>"; };
		5FA8CC8123AD0A4100C65F71 /* TickerViewModel.swift */ = {isa = PBXFileReference; lastKnownFileType = sourcecode.swift; path = TickerViewModel.swift; sourceTree = "<group>"; };
		5FA8CC8423AD0AA500C65F71 /* UIStoryboard.swift */ = {isa = PBXFileReference; lastKnownFileType = sourcecode.swift; path = UIStoryboard.swift; sourceTree = "<group>"; };
		5FB6219523A77419009EEC05 /* CryptoCurrencyMarket.app */ = {isa = PBXFileReference; explicitFileType = wrapper.application; includeInIndex = 0; path = CryptoCurrencyMarket.app; sourceTree = BUILT_PRODUCTS_DIR; };
		5FB6219823A77419009EEC05 /* AppDelegate.swift */ = {isa = PBXFileReference; lastKnownFileType = sourcecode.swift; path = AppDelegate.swift; sourceTree = "<group>"; };
		5FB6219A23A77419009EEC05 /* SceneDelegate.swift */ = {isa = PBXFileReference; lastKnownFileType = sourcecode.swift; path = SceneDelegate.swift; sourceTree = "<group>"; };
		5FB6219C23A77419009EEC05 /* ContentView.swift */ = {isa = PBXFileReference; lastKnownFileType = sourcecode.swift; path = ContentView.swift; sourceTree = "<group>"; };
		5FB6219E23A7741B009EEC05 /* Assets.xcassets */ = {isa = PBXFileReference; lastKnownFileType = folder.assetcatalog; path = Assets.xcassets; sourceTree = "<group>"; };
		5FB621A123A7741B009EEC05 /* Preview Assets.xcassets */ = {isa = PBXFileReference; lastKnownFileType = folder.assetcatalog; path = "Preview Assets.xcassets"; sourceTree = "<group>"; };
		5FB621A423A7741B009EEC05 /* Base */ = {isa = PBXFileReference; lastKnownFileType = file.storyboard; name = Base; path = Base.lproj/LaunchScreen.storyboard; sourceTree = "<group>"; };
		5FB621A623A7741B009EEC05 /* Info.plist */ = {isa = PBXFileReference; lastKnownFileType = text.plist.xml; path = Info.plist; sourceTree = "<group>"; };
		5FB621AB23A7741B009EEC05 /* CryptoCurrencyMarketTests.xctest */ = {isa = PBXFileReference; explicitFileType = wrapper.cfbundle; includeInIndex = 0; path = CryptoCurrencyMarketTests.xctest; sourceTree = BUILT_PRODUCTS_DIR; };
		5FB621AF23A7741B009EEC05 /* CryptoCurrencyMarketTests.swift */ = {isa = PBXFileReference; lastKnownFileType = sourcecode.swift; path = CryptoCurrencyMarketTests.swift; sourceTree = "<group>"; };
		5FB621B123A7741B009EEC05 /* Info.plist */ = {isa = PBXFileReference; lastKnownFileType = text.plist.xml; path = Info.plist; sourceTree = "<group>"; };
		5FB621B623A7741B009EEC05 /* CryptoCurrencyMarketUITests.xctest */ = {isa = PBXFileReference; explicitFileType = wrapper.cfbundle; includeInIndex = 0; path = CryptoCurrencyMarketUITests.xctest; sourceTree = BUILT_PRODUCTS_DIR; };
		5FB621BA23A7741B009EEC05 /* CryptoCurrencyMarketUITests.swift */ = {isa = PBXFileReference; lastKnownFileType = sourcecode.swift; path = CryptoCurrencyMarketUITests.swift; sourceTree = "<group>"; };
		5FB621BC23A7741B009EEC05 /* Info.plist */ = {isa = PBXFileReference; lastKnownFileType = text.plist.xml; path = Info.plist; sourceTree = "<group>"; };
		5FB621CA23A7E556009EEC05 /* Main.storyboard */ = {isa = PBXFileReference; lastKnownFileType = file.storyboard; path = Main.storyboard; sourceTree = "<group>"; };
		5FB621CF23A7E656009EEC05 /* GeneralTabViewController.swift */ = {isa = PBXFileReference; fileEncoding = 4; lastKnownFileType = sourcecode.swift; path = GeneralTabViewController.swift; sourceTree = "<group>"; };
		5FB621D823A8760E009EEC05 /* CCStoryboard.swift */ = {isa = PBXFileReference; lastKnownFileType = sourcecode.swift; path = CCStoryboard.swift; sourceTree = "<group>"; };
		5FB621DA23A87D17009EEC05 /* CCWebSocketClient.swift */ = {isa = PBXFileReference; lastKnownFileType = sourcecode.swift; path = CCWebSocketClient.swift; sourceTree = "<group>"; };
		5FB621E123A88131009EEC05 /* CCMAPIRequest.swift */ = {isa = PBXFileReference; lastKnownFileType = sourcecode.swift; path = CCMAPIRequest.swift; sourceTree = "<group>"; };
		5FB621E523A88239009EEC05 /* CCMQueryResponse.swift */ = {isa = PBXFileReference; lastKnownFileType = sourcecode.swift; path = CCMQueryResponse.swift; sourceTree = "<group>"; };
		5FB621E723A88256009EEC05 /* CCMQueryRequest.swift */ = {isa = PBXFileReference; lastKnownFileType = sourcecode.swift; path = CCMQueryRequest.swift; sourceTree = "<group>"; };
		5FCA583F23AE04CC00C39AAD /* Extensions.swift */ = {isa = PBXFileReference; lastKnownFileType = sourcecode.swift; path = Extensions.swift; sourceTree = "<group>"; };
		5FCA584123AE07C000C39AAD /* CCMColor.swift */ = {isa = PBXFileReference; lastKnownFileType = sourcecode.swift; path = CCMColor.swift; sourceTree = "<group>"; };
		5FCA584323AE671500C39AAD /* BookCell.swift */ = {isa = PBXFileReference; lastKnownFileType = sourcecode.swift; path = BookCell.swift; sourceTree = "<group>"; };
		BEFA0E62DE1862E0C398C955 /* Pods_CryptoCurrencyMarket.framework */ = {isa = PBXFileReference; explicitFileType = wrapper.framework; includeInIndex = 0; path = Pods_CryptoCurrencyMarket.framework; sourceTree = BUILT_PRODUCTS_DIR; };
		BFCFA0FC3213782D4A61735D /* Pods-CryptoCurrencyMarket.release.xcconfig */ = {isa = PBXFileReference; includeInIndex = 1; lastKnownFileType = text.xcconfig; name = "Pods-CryptoCurrencyMarket.release.xcconfig"; path = "Target Support Files/Pods-CryptoCurrencyMarket/Pods-CryptoCurrencyMarket.release.xcconfig"; sourceTree = "<group>"; };
		C6B7A2B0FA8075CDE6A0CE85 /* Pods-CryptoCurrencyMarket.debug.xcconfig */ = {isa = PBXFileReference; includeInIndex = 1; lastKnownFileType = text.xcconfig; name = "Pods-CryptoCurrencyMarket.debug.xcconfig"; path = "Target Support Files/Pods-CryptoCurrencyMarket/Pods-CryptoCurrencyMarket.debug.xcconfig"; sourceTree = "<group>"; };
/* End PBXFileReference section */

/* Begin PBXFrameworksBuildPhase section */
		5FB6219223A77419009EEC05 /* Frameworks */ = {
			isa = PBXFrameworksBuildPhase;
			buildActionMask = 2147483647;
			files = (
				B54700C7EF5D6F7D925E3A81 /* Pods_CryptoCurrencyMarket.framework in Frameworks */,
			);
			runOnlyForDeploymentPostprocessing = 0;
		};
		5FB621A823A7741B009EEC05 /* Frameworks */ = {
			isa = PBXFrameworksBuildPhase;
			buildActionMask = 2147483647;
			files = (
			);
			runOnlyForDeploymentPostprocessing = 0;
		};
		5FB621B323A7741B009EEC05 /* Frameworks */ = {
			isa = PBXFrameworksBuildPhase;
			buildActionMask = 2147483647;
			files = (
			);
			runOnlyForDeploymentPostprocessing = 0;
		};
/* End PBXFrameworksBuildPhase section */

/* Begin PBXGroup section */
		5F13A36923ADCFBE0062E4A7 /* Model */ = {
			isa = PBXGroup;
			children = (
				5F13A36A23ADCFD20062E4A7 /* Ticker.swift */,
				5F13A36C23ADCFDC0062E4A7 /* Trade.swift */,
				5F13A36E23ADCFE20062E4A7 /* Book.swift */,
				5FCA584123AE07C000C39AAD /* CCMColor.swift */,
			);
			path = Model;
			sourceTree = "<group>";
		};
		5F4337A623ADBAEA00C38255 /* Protocols */ = {
			isa = PBXGroup;
			children = (
				5F4337A723ADBB1C00C38255 /* ReusableView.swift */,
				5F4337AB23ADBD9F00C38255 /* ReusableHeader.swift */,
				5F4337A923ADBD3700C38255 /* ReusableHeader.xib */,
			);
			path = Protocols;
			sourceTree = "<group>";
		};
		5FA8CC6C23AD08FE00C65F71 /* Scenes */ = {
			isa = PBXGroup;
			children = (
				5FA8CC8323AD0A9600C65F71 /* Extensions */,
				5FA8CC7023AD095800C65F71 /* LaunchScreen */,
				5FA8CC6F23AD092400C65F71 /* Book */,
				5FA8CC6E23AD091D00C65F71 /* Trade */,
				5FA8CC6D23AD091500C65F71 /* Ticker */,
			);
			path = Scenes;
			sourceTree = "<group>";
		};
		5FA8CC6D23AD091500C65F71 /* Ticker */ = {
			isa = PBXGroup;
			children = (
				5FA8CC8123AD0A4100C65F71 /* TickerViewModel.swift */,
				5F4337A423AD0E0200C38255 /* TickerViewController.swift */,
			);
			path = Ticker;
			sourceTree = "<group>";
		};
		5FA8CC6E23AD091D00C65F71 /* Trade */ = {
			isa = PBXGroup;
			children = (
				5FA8CC7F23AD0A3700C65F71 /* TradeViewModel.swift */,
				5F4337A223AD0DF900C38255 /* TradeViewController.swift */,
			);
			path = Trade;
			sourceTree = "<group>";
		};
		5FA8CC6F23AD092400C65F71 /* Book */ = {
			isa = PBXGroup;
			children = (
				5FA8CC7D23AD0A2600C65F71 /* BookViewModel.swift */,
				5FA8CC7723AD09D700C65F71 /* BookViewController.swift */,
				5FCA584323AE671500C39AAD /* BookCell.swift */,
			);
			path = Book;
			sourceTree = "<group>";
		};
		5FA8CC7023AD095800C65F71 /* LaunchScreen */ = {
			isa = PBXGroup;
			children = (
				5FB621A323A7741B009EEC05 /* LaunchScreen.storyboard */,
				5FB621CF23A7E656009EEC05 /* GeneralTabViewController.swift */,
			);
			path = LaunchScreen;
			sourceTree = "<group>";
		};
		5FA8CC8323AD0A9600C65F71 /* Extensions */ = {
			isa = PBXGroup;
			children = (
				5FA8CC8423AD0AA500C65F71 /* UIStoryboard.swift */,
			);
			path = Extensions;
			sourceTree = "<group>";
		};
		5FB6218C23A77419009EEC05 = {
			isa = PBXGroup;
			children = (
				5FB6219723A77419009EEC05 /* CryptoCurrencyMarket */,
				5FB621AE23A7741B009EEC05 /* CryptoCurrencyMarketTests */,
				5FB621B923A7741B009EEC05 /* CryptoCurrencyMarketUITests */,
				5FB6219623A77419009EEC05 /* Products */,
				7A8CD31E3599AD7DCED9E126 /* Pods */,
				8CC4E258A14D53977D1FBE85 /* Frameworks */,
			);
			sourceTree = "<group>";
		};
		5FB6219623A77419009EEC05 /* Products */ = {
			isa = PBXGroup;
			children = (
				5FB6219523A77419009EEC05 /* CryptoCurrencyMarket.app */,
				5FB621AB23A7741B009EEC05 /* CryptoCurrencyMarketTests.xctest */,
				5FB621B623A7741B009EEC05 /* CryptoCurrencyMarketUITests.xctest */,
			);
			name = Products;
			sourceTree = "<group>";
		};
		5FB6219723A77419009EEC05 /* CryptoCurrencyMarket */ = {
			isa = PBXGroup;
			children = (
				5FCA583E23AE04BB00C39AAD /* Extension */,
				5F13A36923ADCFBE0062E4A7 /* Model */,
				5F4337A623ADBAEA00C38255 /* Protocols */,
				5FA8CC6C23AD08FE00C65F71 /* Scenes */,
				5FB621D723A871AB009EEC05 /* Services */,
				5FB6219823A77419009EEC05 /* AppDelegate.swift */,
				5FB6219A23A77419009EEC05 /* SceneDelegate.swift */,
				5FB6219C23A77419009EEC05 /* ContentView.swift */,
				5FB6219E23A7741B009EEC05 /* Assets.xcassets */,
				5FB621CA23A7E556009EEC05 /* Main.storyboard */,
				5FB621D823A8760E009EEC05 /* CCStoryboard.swift */,
				5FB621A623A7741B009EEC05 /* Info.plist */,
				5FB621A023A7741B009EEC05 /* Preview Content */,
			);
			path = CryptoCurrencyMarket;
			sourceTree = "<group>";
		};
		5FB621A023A7741B009EEC05 /* Preview Content */ = {
			isa = PBXGroup;
			children = (
				5FB621A123A7741B009EEC05 /* Preview Assets.xcassets */,
			);
			path = "Preview Content";
			sourceTree = "<group>";
		};
		5FB621AE23A7741B009EEC05 /* CryptoCurrencyMarketTests */ = {
			isa = PBXGroup;
			children = (
				5FB621AF23A7741B009EEC05 /* CryptoCurrencyMarketTests.swift */,
				5FB621B123A7741B009EEC05 /* Info.plist */,
			);
			path = CryptoCurrencyMarketTests;
			sourceTree = "<group>";
		};
		5FB621B923A7741B009EEC05 /* CryptoCurrencyMarketUITests */ = {
			isa = PBXGroup;
			children = (
				5FB621BA23A7741B009EEC05 /* CryptoCurrencyMarketUITests.swift */,
				5FB621BC23A7741B009EEC05 /* Info.plist */,
			);
			path = CryptoCurrencyMarketUITests;
			sourceTree = "<group>";
		};
		5FB621D723A871AB009EEC05 /* Services */ = {
			isa = PBXGroup;
			children = (
				5FB621E023A88122009EEC05 /* API */,
			);
			path = Services;
			sourceTree = "<group>";
		};
		5FB621E023A88122009EEC05 /* API */ = {
			isa = PBXGroup;
			children = (
				5F234AB823AA89A6000DEFF2 /* CCMConstant.swift */,
				5FB621E123A88131009EEC05 /* CCMAPIRequest.swift */,
				5FB621DA23A87D17009EEC05 /* CCWebSocketClient.swift */,
				5FB621E423A88210009EEC05 /* Response */,
				5FB621E323A88208009EEC05 /* Request */,
			);
			path = API;
			sourceTree = "<group>";
		};
		5FB621E323A88208009EEC05 /* Request */ = {
			isa = PBXGroup;
			children = (
				5FB621E723A88256009EEC05 /* CCMQueryRequest.swift */,
			);
			path = Request;
			sourceTree = "<group>";
		};
		5FB621E423A88210009EEC05 /* Response */ = {
			isa = PBXGroup;
			children = (
				5FB621E523A88239009EEC05 /* CCMQueryResponse.swift */,
			);
			path = Response;
			sourceTree = "<group>";
		};
		5FCA583E23AE04BB00C39AAD /* Extension */ = {
			isa = PBXGroup;
			children = (
				5FCA583F23AE04CC00C39AAD /* Extensions.swift */,
			);
			path = Extension;
			sourceTree = "<group>";
		};
		7A8CD31E3599AD7DCED9E126 /* Pods */ = {
			isa = PBXGroup;
			children = (
				C6B7A2B0FA8075CDE6A0CE85 /* Pods-CryptoCurrencyMarket.debug.xcconfig */,
				BFCFA0FC3213782D4A61735D /* Pods-CryptoCurrencyMarket.release.xcconfig */,
			);
			path = Pods;
			sourceTree = "<group>";
		};
		8CC4E258A14D53977D1FBE85 /* Frameworks */ = {
			isa = PBXGroup;
			children = (
				BEFA0E62DE1862E0C398C955 /* Pods_CryptoCurrencyMarket.framework */,
			);
			name = Frameworks;
			sourceTree = "<group>";
		};
/* End PBXGroup section */

/* Begin PBXNativeTarget section */
		5FB6219423A77419009EEC05 /* CryptoCurrencyMarket */ = {
			isa = PBXNativeTarget;
			buildConfigurationList = 5FB621BF23A7741B009EEC05 /* Build configuration list for PBXNativeTarget "CryptoCurrencyMarket" */;
			buildPhases = (
				98792FD29B0A4A5107010A8F /* [CP] Check Pods Manifest.lock */,
				5FB6219123A77419009EEC05 /* Sources */,
				5FB6219223A77419009EEC05 /* Frameworks */,
				5FB6219323A77419009EEC05 /* Resources */,
				61ABF6C1CA80B3C34DF5332E /* [CP] Embed Pods Frameworks */,
			);
			buildRules = (
			);
			dependencies = (
			);
			name = CryptoCurrencyMarket;
			productName = CryptoCurrencyMarket;
			productReference = 5FB6219523A77419009EEC05 /* CryptoCurrencyMarket.app */;
			productType = "com.apple.product-type.application";
		};
		5FB621AA23A7741B009EEC05 /* CryptoCurrencyMarketTests */ = {
			isa = PBXNativeTarget;
			buildConfigurationList = 5FB621C223A7741B009EEC05 /* Build configuration list for PBXNativeTarget "CryptoCurrencyMarketTests" */;
			buildPhases = (
				5FB621A723A7741B009EEC05 /* Sources */,
				5FB621A823A7741B009EEC05 /* Frameworks */,
				5FB621A923A7741B009EEC05 /* Resources */,
			);
			buildRules = (
			);
			dependencies = (
				5FB621AD23A7741B009EEC05 /* PBXTargetDependency */,
			);
			name = CryptoCurrencyMarketTests;
			productName = CryptoCurrencyMarketTests;
			productReference = 5FB621AB23A7741B009EEC05 /* CryptoCurrencyMarketTests.xctest */;
			productType = "com.apple.product-type.bundle.unit-test";
		};
		5FB621B523A7741B009EEC05 /* CryptoCurrencyMarketUITests */ = {
			isa = PBXNativeTarget;
			buildConfigurationList = 5FB621C523A7741B009EEC05 /* Build configuration list for PBXNativeTarget "CryptoCurrencyMarketUITests" */;
			buildPhases = (
				5FB621B223A7741B009EEC05 /* Sources */,
				5FB621B323A7741B009EEC05 /* Frameworks */,
				5FB621B423A7741B009EEC05 /* Resources */,
			);
			buildRules = (
			);
			dependencies = (
				5FB621B823A7741B009EEC05 /* PBXTargetDependency */,
			);
			name = CryptoCurrencyMarketUITests;
			productName = CryptoCurrencyMarketUITests;
			productReference = 5FB621B623A7741B009EEC05 /* CryptoCurrencyMarketUITests.xctest */;
			productType = "com.apple.product-type.bundle.ui-testing";
		};
/* End PBXNativeTarget section */

/* Begin PBXProject section */
		5FB6218D23A77419009EEC05 /* Project object */ = {
			isa = PBXProject;
			attributes = {
				LastSwiftUpdateCheck = 1120;
				LastUpgradeCheck = 1120;
				ORGANIZATIONNAME = "Yi-Ling Wu";
				TargetAttributes = {
					5FB6219423A77419009EEC05 = {
						CreatedOnToolsVersion = 11.2.1;
					};
					5FB621AA23A7741B009EEC05 = {
						CreatedOnToolsVersion = 11.2.1;
						TestTargetID = 5FB6219423A77419009EEC05;
					};
					5FB621B523A7741B009EEC05 = {
						CreatedOnToolsVersion = 11.2.1;
						TestTargetID = 5FB6219423A77419009EEC05;
					};
				};
			};
			buildConfigurationList = 5FB6219023A77419009EEC05 /* Build configuration list for PBXProject "CryptoCurrencyMarket" */;
			compatibilityVersion = "Xcode 9.3";
			developmentRegion = en;
			hasScannedForEncodings = 0;
			knownRegions = (
				en,
				Base,
			);
			mainGroup = 5FB6218C23A77419009EEC05;
			productRefGroup = 5FB6219623A77419009EEC05 /* Products */;
			projectDirPath = "";
			projectRoot = "";
			targets = (
				5FB6219423A77419009EEC05 /* CryptoCurrencyMarket */,
				5FB621AA23A7741B009EEC05 /* CryptoCurrencyMarketTests */,
				5FB621B523A7741B009EEC05 /* CryptoCurrencyMarketUITests */,
			);
		};
/* End PBXProject section */

/* Begin PBXResourcesBuildPhase section */
		5FB6219323A77419009EEC05 /* Resources */ = {
			isa = PBXResourcesBuildPhase;
			buildActionMask = 2147483647;
			files = (
				5FB621A523A7741B009EEC05 /* LaunchScreen.storyboard in Resources */,
				5FB621A223A7741B009EEC05 /* Preview Assets.xcassets in Resources */,
				5FB6219F23A7741B009EEC05 /* Assets.xcassets in Resources */,
				5F4337AA23ADBD3700C38255 /* ReusableHeader.xib in Resources */,
				5FB621CB23A7E557009EEC05 /* Main.storyboard in Resources */,
			);
			runOnlyForDeploymentPostprocessing = 0;
		};
		5FB621A923A7741B009EEC05 /* Resources */ = {
			isa = PBXResourcesBuildPhase;
			buildActionMask = 2147483647;
			files = (
			);
			runOnlyForDeploymentPostprocessing = 0;
		};
		5FB621B423A7741B009EEC05 /* Resources */ = {
			isa = PBXResourcesBuildPhase;
			buildActionMask = 2147483647;
			files = (
			);
			runOnlyForDeploymentPostprocessing = 0;
		};
/* End PBXResourcesBuildPhase section */

/* Begin PBXShellScriptBuildPhase section */
		61ABF6C1CA80B3C34DF5332E /* [CP] Embed Pods Frameworks */ = {
			isa = PBXShellScriptBuildPhase;
			buildActionMask = 2147483647;
			files = (
			);
			inputFileListPaths = (
				"${PODS_ROOT}/Target Support Files/Pods-CryptoCurrencyMarket/Pods-CryptoCurrencyMarket-frameworks-${CONFIGURATION}-input-files.xcfilelist",
			);
			name = "[CP] Embed Pods Frameworks";
			outputFileListPaths = (
				"${PODS_ROOT}/Target Support Files/Pods-CryptoCurrencyMarket/Pods-CryptoCurrencyMarket-frameworks-${CONFIGURATION}-output-files.xcfilelist",
			);
			runOnlyForDeploymentPostprocessing = 0;
			shellPath = /bin/sh;
			shellScript = "\"${PODS_ROOT}/Target Support Files/Pods-CryptoCurrencyMarket/Pods-CryptoCurrencyMarket-frameworks.sh\"\n";
			showEnvVarsInLog = 0;
		};
		98792FD29B0A4A5107010A8F /* [CP] Check Pods Manifest.lock */ = {
			isa = PBXShellScriptBuildPhase;
			buildActionMask = 2147483647;
			files = (
			);
			inputFileListPaths = (
			);
			inputPaths = (
				"${PODS_PODFILE_DIR_PATH}/Podfile.lock",
				"${PODS_ROOT}/Manifest.lock",
			);
			name = "[CP] Check Pods Manifest.lock";
			outputFileListPaths = (
			);
			outputPaths = (
				"$(DERIVED_FILE_DIR)/Pods-CryptoCurrencyMarket-checkManifestLockResult.txt",
			);
			runOnlyForDeploymentPostprocessing = 0;
			shellPath = /bin/sh;
			shellScript = "diff \"${PODS_PODFILE_DIR_PATH}/Podfile.lock\" \"${PODS_ROOT}/Manifest.lock\" > /dev/null\nif [ $? != 0 ] ; then\n    # print error to STDERR\n    echo \"error: The sandbox is not in sync with the Podfile.lock. Run 'pod install' or update your CocoaPods installation.\" >&2\n    exit 1\nfi\n# This output is used by Xcode 'outputs' to avoid re-running this script phase.\necho \"SUCCESS\" > \"${SCRIPT_OUTPUT_FILE_0}\"\n";
			showEnvVarsInLog = 0;
		};
/* End PBXShellScriptBuildPhase section */

/* Begin PBXSourcesBuildPhase section */
		5FB6219123A77419009EEC05 /* Sources */ = {
			isa = PBXSourcesBuildPhase;
			buildActionMask = 2147483647;
			files = (
				5FCA584023AE04CC00C39AAD /* Extensions.swift in Sources */,
				5FB621E823A88256009EEC05 /* CCMQueryRequest.swift in Sources */,
				5F4337A323AD0DF900C38255 /* TradeViewController.swift in Sources */,
				5FA8CC8223AD0A4100C65F71 /* TickerViewModel.swift in Sources */,
				5FA8CC7823AD09D700C65F71 /* BookViewController.swift in Sources */,
				5F4337A523AD0E0200C38255 /* TickerViewController.swift in Sources */,
				5FB6219923A77419009EEC05 /* AppDelegate.swift in Sources */,
				5FB621D923A8760E009EEC05 /* CCStoryboard.swift in Sources */,
				5FA8CC8023AD0A3700C65F71 /* TradeViewModel.swift in Sources */,
				5FB621DB23A87D17009EEC05 /* CCWebSocketClient.swift in Sources */,
				5F4337A823ADBB1C00C38255 /* ReusableView.swift in Sources */,
				5FCA584223AE07C000C39AAD /* CCMColor.swift in Sources */,
				5FA8CC7E23AD0A2600C65F71 /* BookViewModel.swift in Sources */,
				5FB621D023A7E656009EEC05 /* GeneralTabViewController.swift in Sources */,
				5FB6219B23A77419009EEC05 /* SceneDelegate.swift in Sources */,
				5FB621E623A88239009EEC05 /* CCMQueryResponse.swift in Sources */,
				5F13A36F23ADCFE20062E4A7 /* Book.swift in Sources */,
				5F13A36D23ADCFDC0062E4A7 /* Trade.swift in Sources */,
				5FA8CC8523AD0AA500C65F71 /* UIStoryboard.swift in Sources */,
				5FB621E223A88131009EEC05 /* CCMAPIRequest.swift in Sources */,
				5F4337AC23ADBD9F00C38255 /* ReusableHeader.swift in Sources */,
				5F13A36B23ADCFD20062E4A7 /* Ticker.swift in Sources */,
				5F234AB923AA89A6000DEFF2 /* CCMConstant.swift in Sources */,
				5FB6219D23A77419009EEC05 /* ContentView.swift in Sources */,
				5FCA584423AE671500C39AAD /* BookCell.swift in Sources */,
			);
			runOnlyForDeploymentPostprocessing = 0;
		};
		5FB621A723A7741B009EEC05 /* Sources */ = {
			isa = PBXSourcesBuildPhase;
			buildActionMask = 2147483647;
			files = (
				5FB621B023A7741B009EEC05 /* CryptoCurrencyMarketTests.swift in Sources */,
			);
			runOnlyForDeploymentPostprocessing = 0;
		};
		5FB621B223A7741B009EEC05 /* Sources */ = {
			isa = PBXSourcesBuildPhase;
			buildActionMask = 2147483647;
			files = (
				5FB621BB23A7741B009EEC05 /* CryptoCurrencyMarketUITests.swift in Sources */,
			);
			runOnlyForDeploymentPostprocessing = 0;
		};
/* End PBXSourcesBuildPhase section */

/* Begin PBXTargetDependency section */
		5FB621AD23A7741B009EEC05 /* PBXTargetDependency */ = {
			isa = PBXTargetDependency;
			target = 5FB6219423A77419009EEC05 /* CryptoCurrencyMarket */;
			targetProxy = 5FB621AC23A7741B009EEC05 /* PBXContainerItemProxy */;
		};
		5FB621B823A7741B009EEC05 /* PBXTargetDependency */ = {
			isa = PBXTargetDependency;
			target = 5FB6219423A77419009EEC05 /* CryptoCurrencyMarket */;
			targetProxy = 5FB621B723A7741B009EEC05 /* PBXContainerItemProxy */;
		};
/* End PBXTargetDependency section */

/* Begin PBXVariantGroup section */
		5FB621A323A7741B009EEC05 /* LaunchScreen.storyboard */ = {
			isa = PBXVariantGroup;
			children = (
				5FB621A423A7741B009EEC05 /* Base */,
			);
			name = LaunchScreen.storyboard;
			sourceTree = "<group>";
		};
/* End PBXVariantGroup section */

/* Begin XCBuildConfiguration section */
		5FB621BD23A7741B009EEC05 /* Debug */ = {
			isa = XCBuildConfiguration;
			buildSettings = {
				ALWAYS_SEARCH_USER_PATHS = NO;
				CLANG_ANALYZER_NONNULL = YES;
				CLANG_ANALYZER_NUMBER_OBJECT_CONVERSION = YES_AGGRESSIVE;
				CLANG_CXX_LANGUAGE_STANDARD = "gnu++14";
				CLANG_CXX_LIBRARY = "libc++";
				CLANG_ENABLE_MODULES = YES;
				CLANG_ENABLE_OBJC_ARC = YES;
				CLANG_ENABLE_OBJC_WEAK = YES;
				CLANG_WARN_BLOCK_CAPTURE_AUTORELEASING = YES;
				CLANG_WARN_BOOL_CONVERSION = YES;
				CLANG_WARN_COMMA = YES;
				CLANG_WARN_CONSTANT_CONVERSION = YES;
				CLANG_WARN_DEPRECATED_OBJC_IMPLEMENTATIONS = YES;
				CLANG_WARN_DIRECT_OBJC_ISA_USAGE = YES_ERROR;
				CLANG_WARN_DOCUMENTATION_COMMENTS = YES;
				CLANG_WARN_EMPTY_BODY = YES;
				CLANG_WARN_ENUM_CONVERSION = YES;
				CLANG_WARN_INFINITE_RECURSION = YES;
				CLANG_WARN_INT_CONVERSION = YES;
				CLANG_WARN_NON_LITERAL_NULL_CONVERSION = YES;
				CLANG_WARN_OBJC_IMPLICIT_RETAIN_SELF = YES;
				CLANG_WARN_OBJC_LITERAL_CONVERSION = YES;
				CLANG_WARN_OBJC_ROOT_CLASS = YES_ERROR;
				CLANG_WARN_RANGE_LOOP_ANALYSIS = YES;
				CLANG_WARN_STRICT_PROTOTYPES = YES;
				CLANG_WARN_SUSPICIOUS_MOVE = YES;
				CLANG_WARN_UNGUARDED_AVAILABILITY = YES_AGGRESSIVE;
				CLANG_WARN_UNREACHABLE_CODE = YES;
				CLANG_WARN__DUPLICATE_METHOD_MATCH = YES;
				COPY_PHASE_STRIP = NO;
				DEBUG_INFORMATION_FORMAT = dwarf;
				ENABLE_STRICT_OBJC_MSGSEND = YES;
				ENABLE_TESTABILITY = YES;
				GCC_C_LANGUAGE_STANDARD = gnu11;
				GCC_DYNAMIC_NO_PIC = NO;
				GCC_NO_COMMON_BLOCKS = YES;
				GCC_OPTIMIZATION_LEVEL = 0;
				GCC_PREPROCESSOR_DEFINITIONS = (
					"DEBUG=1",
					"$(inherited)",
				);
				GCC_WARN_64_TO_32_BIT_CONVERSION = YES;
				GCC_WARN_ABOUT_RETURN_TYPE = YES_ERROR;
				GCC_WARN_UNDECLARED_SELECTOR = YES;
				GCC_WARN_UNINITIALIZED_AUTOS = YES_AGGRESSIVE;
				GCC_WARN_UNUSED_FUNCTION = YES;
				GCC_WARN_UNUSED_VARIABLE = YES;
				IPHONEOS_DEPLOYMENT_TARGET = 13.2;
				MTL_ENABLE_DEBUG_INFO = INCLUDE_SOURCE;
				MTL_FAST_MATH = YES;
				ONLY_ACTIVE_ARCH = YES;
				SDKROOT = iphoneos;
				SWIFT_ACTIVE_COMPILATION_CONDITIONS = DEBUG;
				SWIFT_OPTIMIZATION_LEVEL = "-Onone";
			};
			name = Debug;
		};
		5FB621BE23A7741B009EEC05 /* Release */ = {
			isa = XCBuildConfiguration;
			buildSettings = {
				ALWAYS_SEARCH_USER_PATHS = NO;
				CLANG_ANALYZER_NONNULL = YES;
				CLANG_ANALYZER_NUMBER_OBJECT_CONVERSION = YES_AGGRESSIVE;
				CLANG_CXX_LANGUAGE_STANDARD = "gnu++14";
				CLANG_CXX_LIBRARY = "libc++";
				CLANG_ENABLE_MODULES = YES;
				CLANG_ENABLE_OBJC_ARC = YES;
				CLANG_ENABLE_OBJC_WEAK = YES;
				CLANG_WARN_BLOCK_CAPTURE_AUTORELEASING = YES;
				CLANG_WARN_BOOL_CONVERSION = YES;
				CLANG_WARN_COMMA = YES;
				CLANG_WARN_CONSTANT_CONVERSION = YES;
				CLANG_WARN_DEPRECATED_OBJC_IMPLEMENTATIONS = YES;
				CLANG_WARN_DIRECT_OBJC_ISA_USAGE = YES_ERROR;
				CLANG_WARN_DOCUMENTATION_COMMENTS = YES;
				CLANG_WARN_EMPTY_BODY = YES;
				CLANG_WARN_ENUM_CONVERSION = YES;
				CLANG_WARN_INFINITE_RECURSION = YES;
				CLANG_WARN_INT_CONVERSION = YES;
				CLANG_WARN_NON_LITERAL_NULL_CONVERSION = YES;
				CLANG_WARN_OBJC_IMPLICIT_RETAIN_SELF = YES;
				CLANG_WARN_OBJC_LITERAL_CONVERSION = YES;
				CLANG_WARN_OBJC_ROOT_CLASS = YES_ERROR;
				CLANG_WARN_RANGE_LOOP_ANALYSIS = YES;
				CLANG_WARN_STRICT_PROTOTYPES = YES;
				CLANG_WARN_SUSPICIOUS_MOVE = YES;
				CLANG_WARN_UNGUARDED_AVAILABILITY = YES_AGGRESSIVE;
				CLANG_WARN_UNREACHABLE_CODE = YES;
				CLANG_WARN__DUPLICATE_METHOD_MATCH = YES;
				COPY_PHASE_STRIP = NO;
				DEBUG_INFORMATION_FORMAT = "dwarf-with-dsym";
				ENABLE_NS_ASSERTIONS = NO;
				ENABLE_STRICT_OBJC_MSGSEND = YES;
				GCC_C_LANGUAGE_STANDARD = gnu11;
				GCC_NO_COMMON_BLOCKS = YES;
				GCC_WARN_64_TO_32_BIT_CONVERSION = YES;
				GCC_WARN_ABOUT_RETURN_TYPE = YES_ERROR;
				GCC_WARN_UNDECLARED_SELECTOR = YES;
				GCC_WARN_UNINITIALIZED_AUTOS = YES_AGGRESSIVE;
				GCC_WARN_UNUSED_FUNCTION = YES;
				GCC_WARN_UNUSED_VARIABLE = YES;
				IPHONEOS_DEPLOYMENT_TARGET = 13.2;
				MTL_ENABLE_DEBUG_INFO = NO;
				MTL_FAST_MATH = YES;
				SDKROOT = iphoneos;
				SWIFT_COMPILATION_MODE = wholemodule;
				SWIFT_OPTIMIZATION_LEVEL = "-O";
				VALIDATE_PRODUCT = YES;
			};
			name = Release;
		};
		5FB621C023A7741B009EEC05 /* Debug */ = {
			isa = XCBuildConfiguration;
			baseConfigurationReference = C6B7A2B0FA8075CDE6A0CE85 /* Pods-CryptoCurrencyMarket.debug.xcconfig */;
			buildSettings = {
				ASSETCATALOG_COMPILER_APPICON_NAME = AppIcon;
				CODE_SIGN_STYLE = Automatic;
				DEVELOPMENT_ASSET_PATHS = "\"CryptoCurrencyMarket/Preview Content\"";
				DEVELOPMENT_TEAM = 8P3F3456KH;
				ENABLE_PREVIEWS = YES;
				INFOPLIST_FILE = CryptoCurrencyMarket/Info.plist;
				LD_RUNPATH_SEARCH_PATHS = (
					"$(inherited)",
					"@executable_path/Frameworks",
				);
				PRODUCT_BUNDLE_IDENTIFIER = co.yiling.CryptoCurrencyMarket;
				PRODUCT_NAME = "$(TARGET_NAME)";
				SWIFT_VERSION = 5.0;
				TARGETED_DEVICE_FAMILY = "1,2";
			};
			name = Debug;
		};
		5FB621C123A7741B009EEC05 /* Release */ = {
			isa = XCBuildConfiguration;
			baseConfigurationReference = BFCFA0FC3213782D4A61735D /* Pods-CryptoCurrencyMarket.release.xcconfig */;
			buildSettings = {
				ASSETCATALOG_COMPILER_APPICON_NAME = AppIcon;
				CODE_SIGN_STYLE = Automatic;
				DEVELOPMENT_ASSET_PATHS = "\"CryptoCurrencyMarket/Preview Content\"";
				DEVELOPMENT_TEAM = 8P3F3456KH;
				ENABLE_PREVIEWS = YES;
				INFOPLIST_FILE = CryptoCurrencyMarket/Info.plist;
				LD_RUNPATH_SEARCH_PATHS = (
					"$(inherited)",
					"@executable_path/Frameworks",
				);
				PRODUCT_BUNDLE_IDENTIFIER = co.yiling.CryptoCurrencyMarket;
				PRODUCT_NAME = "$(TARGET_NAME)";
				SWIFT_VERSION = 5.0;
				TARGETED_DEVICE_FAMILY = "1,2";
			};
			name = Release;
		};
		5FB621C323A7741B009EEC05 /* Debug */ = {
			isa = XCBuildConfiguration;
			buildSettings = {
				ALWAYS_EMBED_SWIFT_STANDARD_LIBRARIES = YES;
				BUNDLE_LOADER = "$(TEST_HOST)";
				CODE_SIGN_STYLE = Automatic;
				DEVELOPMENT_TEAM = 8P3F3456KH;
				INFOPLIST_FILE = CryptoCurrencyMarketTests/Info.plist;
				IPHONEOS_DEPLOYMENT_TARGET = 13.2;
				LD_RUNPATH_SEARCH_PATHS = (
					"$(inherited)",
					"@executable_path/Frameworks",
					"@loader_path/Frameworks",
				);
				PRODUCT_BUNDLE_IDENTIFIER = co.yiling.CryptoCurrencyMarketTests;
				PRODUCT_NAME = "$(TARGET_NAME)";
				SWIFT_VERSION = 5.0;
				TARGETED_DEVICE_FAMILY = "1,2";
				TEST_HOST = "$(BUILT_PRODUCTS_DIR)/CryptoCurrencyMarket.app/CryptoCurrencyMarket";
			};
			name = Debug;
		};
		5FB621C423A7741B009EEC05 /* Release */ = {
			isa = XCBuildConfiguration;
			buildSettings = {
				ALWAYS_EMBED_SWIFT_STANDARD_LIBRARIES = YES;
				BUNDLE_LOADER = "$(TEST_HOST)";
				CODE_SIGN_STYLE = Automatic;
				DEVELOPMENT_TEAM = 8P3F3456KH;
				INFOPLIST_FILE = CryptoCurrencyMarketTests/Info.plist;
				IPHONEOS_DEPLOYMENT_TARGET = 13.2;
				LD_RUNPATH_SEARCH_PATHS = (
					"$(inherited)",
					"@executable_path/Frameworks",
					"@loader_path/Frameworks",
				);
				PRODUCT_BUNDLE_IDENTIFIER = co.yiling.CryptoCurrencyMarketTests;
				PRODUCT_NAME = "$(TARGET_NAME)";
				SWIFT_VERSION = 5.0;
				TARGETED_DEVICE_FAMILY = "1,2";
				TEST_HOST = "$(BUILT_PRODUCTS_DIR)/CryptoCurrencyMarket.app/CryptoCurrencyMarket";
			};
			name = Release;
		};
		5FB621C623A7741B009EEC05 /* Debug */ = {
			isa = XCBuildConfiguration;
			buildSettings = {
				ALWAYS_EMBED_SWIFT_STANDARD_LIBRARIES = YES;
				CODE_SIGN_STYLE = Automatic;
				DEVELOPMENT_TEAM = 8P3F3456KH;
				INFOPLIST_FILE = CryptoCurrencyMarketUITests/Info.plist;
				LD_RUNPATH_SEARCH_PATHS = (
					"$(inherited)",
					"@executable_path/Frameworks",
					"@loader_path/Frameworks",
				);
				PRODUCT_BUNDLE_IDENTIFIER = co.yiling.CryptoCurrencyMarketUITests;
				PRODUCT_NAME = "$(TARGET_NAME)";
				SWIFT_VERSION = 5.0;
				TARGETED_DEVICE_FAMILY = "1,2";
				TEST_TARGET_NAME = CryptoCurrencyMarket;
			};
			name = Debug;
		};
		5FB621C723A7741B009EEC05 /* Release */ = {
			isa = XCBuildConfiguration;
			buildSettings = {
				ALWAYS_EMBED_SWIFT_STANDARD_LIBRARIES = YES;
				CODE_SIGN_STYLE = Automatic;
				DEVELOPMENT_TEAM = 8P3F3456KH;
				INFOPLIST_FILE = CryptoCurrencyMarketUITests/Info.plist;
				LD_RUNPATH_SEARCH_PATHS = (
					"$(inherited)",
					"@executable_path/Frameworks",
					"@loader_path/Frameworks",
				);
				PRODUCT_BUNDLE_IDENTIFIER = co.yiling.CryptoCurrencyMarketUITests;
				PRODUCT_NAME = "$(TARGET_NAME)";
				SWIFT_VERSION = 5.0;
				TARGETED_DEVICE_FAMILY = "1,2";
				TEST_TARGET_NAME = CryptoCurrencyMarket;
			};
			name = Release;
		};
/* End XCBuildConfiguration section */

/* Begin XCConfigurationList section */
		5FB6219023A77419009EEC05 /* Build configuration list for PBXProject "CryptoCurrencyMarket" */ = {
			isa = XCConfigurationList;
			buildConfigurations = (
				5FB621BD23A7741B009EEC05 /* Debug */,
				5FB621BE23A7741B009EEC05 /* Release */,
			);
			defaultConfigurationIsVisible = 0;
			defaultConfigurationName = Release;
		};
		5FB621BF23A7741B009EEC05 /* Build configuration list for PBXNativeTarget "CryptoCurrencyMarket" */ = {
			isa = XCConfigurationList;
			buildConfigurations = (
				5FB621C023A7741B009EEC05 /* Debug */,
				5FB621C123A7741B009EEC05 /* Release */,
			);
			defaultConfigurationIsVisible = 0;
			defaultConfigurationName = Release;
		};
		5FB621C223A7741B009EEC05 /* Build configuration list for PBXNativeTarget "CryptoCurrencyMarketTests" */ = {
			isa = XCConfigurationList;
			buildConfigurations = (
				5FB621C323A7741B009EEC05 /* Debug */,
				5FB621C423A7741B009EEC05 /* Release */,
			);
			defaultConfigurationIsVisible = 0;
			defaultConfigurationName = Release;
		};
		5FB621C523A7741B009EEC05 /* Build configuration list for PBXNativeTarget "CryptoCurrencyMarketUITests" */ = {
			isa = XCConfigurationList;
			buildConfigurations = (
				5FB621C623A7741B009EEC05 /* Debug */,
				5FB621C723A7741B009EEC05 /* Release */,
			);
			defaultConfigurationIsVisible = 0;
			defaultConfigurationName = Release;
		};
/* End XCConfigurationList section */
	};
	rootObject = 5FB6218D23A77419009EEC05 /* Project object */;
}
